
Microsoft Visual Studio Solution File, Format Version 12.00
# Visual Studio Version 17
VisualStudioVersion = 17.13.35818.85
MinimumVisualStudioVersion = 10.0.40219.1
Project("{FAE04EC0-301F-11D3-BF4B-00C04F79EFBC}") = "BridgePattern", "BridgePattern\BridgePattern.csproj", "{A5134CAB-0693-C26A-38B0-1A1883C5C6FF}"
EndProject
Global
	GlobalSection(SolutionConfigurationPlatforms) = preSolution
		Debug|Any CPU = Debug|Any CPU
		Release|Any CPU = Release|Any CPU
	EndGlobalSection
	GlobalSection(ProjectConfigurationPlatforms) = postSolution
		{A5134CAB-0693-C26A-38B0-1A1883C5C6FF}.Debug|Any CPU.ActiveCfg = Debug|Any CPU
		{A5134CAB-0693-C26A-38B0-1A1883C5C6FF}.Debug|Any CPU.Build.0 = Debug|Any CPU
		{A5134CAB-0693-C26A-38B0-1A1883C5C6FF}.Release|Any CPU.ActiveCfg = Release|Any CPU
		{A5134CAB-0693-C26A-38B0-1A1883C5C6FF}.Release|Any CPU.Build.0 = Release|Any CPU
	EndGlobalSection
	GlobalSection(SolutionProperties) = preSolution
		HideSolutionNode = FALSE
	EndGlobalSection
	GlobalSection(ExtensibilityGlobals) = postSolution
		SolutionGuid = {81E2359B-4B20-41B2-BBDB-9FD73B9068B1}
	EndGlobalSection
EndGlobal
