
Microsoft Visual Studio Solution File, Format Version 12.00
# Visual Studio Version 17
VisualStudioVersion = 17.12.35707.178 d17.12
MinimumVisualStudioVersion = 10.0.40219.1
Project("{FAE04EC0-301F-11D3-BF4B-00C04F79EFBC}") = "DelegationExample", "DelegationExample\DelegationExample.csproj", "{1A685386-44DD-4196-ACB7-6E9E644905B5}"
EndProject
Global
	GlobalSection(SolutionConfigurationPlatforms) = preSolution
		Debug|Any CPU = Debug|Any CPU
		Release|Any CPU = Release|Any CPU
	EndGlobalSection
	GlobalSection(ProjectConfigurationPlatforms) = postSolution
		{1A685386-44DD-4196-ACB7-6E9E644905B5}.Debug|Any CPU.ActiveCfg = Debug|Any CPU
		{1A685386-44DD-4196-ACB7-6E9E644905B5}.Debug|Any CPU.Build.0 = Debug|Any CPU
		{1A685386-44DD-4196-ACB7-6E9E644905B5}.Release|Any CPU.ActiveCfg = Release|Any CPU
		{1A685386-44DD-4196-ACB7-6E9E644905B5}.Release|Any CPU.Build.0 = Release|Any CPU
	EndGlobalSection
	GlobalSection(SolutionProperties) = preSolution
		HideSolutionNode = FALSE
	EndGlobalSection
EndGlobal
